github.com/goki/vulkan v1.0.8 h1:yx7GPP3wZOFeJ25wEneHk08fOSlUz/wxHBBCiCB1G18=
github.com/goki/vulkan v1.0.8/go.mod h1:xPwQgSdRep28xG1Tn4yysNGFORyCsAZcf9DcljIxGRs=
github.com/iancoleman/strcase v0.3.0 h1:nTXanmYxhfFAMjZL34Ov6gkzEsSJZ5DbhxWjvSASxEI=
github.com/iancoleman/strcase v0.3.0/go.mod h1:iwCmte+B7n89clKwxIoIXy/HfoL7AsD47ZCWhYzw7ho=
golang.org/x/sys v0.29.0 h1:TPYlXGxvx1MGTn2GiZDhnjPA9wZzZeGKHHmKhHYvgaU=
golang.org/x/sys v0.29.0/go.mod h1:/VUhepiaJMQUp4+oa/7Zr1D23ma6VTLIYjOOTFZPUcA=
